
Microsoft Visual Studio Solution File, Format Version 12.00
# Visual Studio Version 16
VisualStudioVersion = 16.0.29418.71
MinimumVisualStudioVersion = 10.0.40219.1
Project("{FAE04EC0-301F-11D3-BF4B-00C04F79EFBC}") = "Racing Display", "RacingMod\Racing Display.csproj", "{2330C536-6C13-4F50-B567-B1923896B2FC}"
EndProject
Project("{FAE04EC0-301F-11D3-BF4B-00C04F79EFBC}") = "APITest", "APITest\APITest.csproj", "{3481323F-B5FB-4258-8CBB-D29E275E7E3C}"
EndProject
Global
	GlobalSection(SolutionConfigurationPlatforms) = preSolution
		Debug|Any CPU = Debug|Any CPU
		Debug|x64 = Debug|x64
		Debug|x86 = Debug|x86
		Release|Any CPU = Release|Any CPU
		Release|x64 = Release|x64
		Release|x86 = Release|x86
	EndGlobalSection
	GlobalSection(ProjectConfigurationPlatforms) = postSolution
		{2330C536-6C13-4F50-B567-B1923896B2FC}.Debug|Any CPU.ActiveCfg = Debug|Any CPU
		{2330C536-6C13-4F50-B567-B1923896B2FC}.Debug|Any CPU.Build.0 = Debug|Any CPU
		{2330C536-6C13-4F50-B567-B1923896B2FC}.Debug|x64.ActiveCfg = Debug|x64
		{2330C536-6C13-4F50-B567-B1923896B2FC}.Debug|x64.Build.0 = Debug|x64
		{2330C536-6C13-4F50-B567-B1923896B2FC}.Debug|x86.ActiveCfg = Debug|Any CPU
		{2330C536-6C13-4F50-B567-B1923896B2FC}.Debug|x86.Build.0 = Debug|Any CPU
		{2330C536-6C13-4F50-B567-B1923896B2FC}.Release|Any CPU.ActiveCfg = Release|Any CPU
		{2330C536-6C13-4F50-B567-B1923896B2FC}.Release|Any CPU.Build.0 = Release|Any CPU
		{2330C536-6C13-4F50-B567-B1923896B2FC}.Release|x64.ActiveCfg = Release|x64
		{2330C536-6C13-4F50-B567-B1923896B2FC}.Release|x64.Build.0 = Release|x64
		{2330C536-6C13-4F50-B567-B1923896B2FC}.Release|x86.ActiveCfg = Release|x86
		{2330C536-6C13-4F50-B567-B1923896B2FC}.Release|x86.Build.0 = Release|x86
		{3481323F-B5FB-4258-8CBB-D29E275E7E3C}.Debug|Any CPU.ActiveCfg = Debug|Any CPU
		{3481323F-B5FB-4258-8CBB-D29E275E7E3C}.Debug|Any CPU.Build.0 = Debug|Any CPU
		{3481323F-B5FB-4258-8CBB-D29E275E7E3C}.Debug|x64.ActiveCfg = Debug|Any CPU
		{3481323F-B5FB-4258-8CBB-D29E275E7E3C}.Debug|x64.Build.0 = Debug|Any CPU
		{3481323F-B5FB-4258-8CBB-D29E275E7E3C}.Debug|x86.ActiveCfg = Debug|Any CPU
		{3481323F-B5FB-4258-8CBB-D29E275E7E3C}.Debug|x86.Build.0 = Debug|Any CPU
		{3481323F-B5FB-4258-8CBB-D29E275E7E3C}.Release|Any CPU.ActiveCfg = Release|Any CPU
		{3481323F-B5FB-4258-8CBB-D29E275E7E3C}.Release|Any CPU.Build.0 = Release|Any CPU
		{3481323F-B5FB-4258-8CBB-D29E275E7E3C}.Release|x64.ActiveCfg = Release|Any CPU
		{3481323F-B5FB-4258-8CBB-D29E275E7E3C}.Release|x64.Build.0 = Release|Any CPU
		{3481323F-B5FB-4258-8CBB-D29E275E7E3C}.Release|x86.ActiveCfg = Release|Any CPU
		{3481323F-B5FB-4258-8CBB-D29E275E7E3C}.Release|x86.Build.0 = Release|Any CPU
	EndGlobalSection
	GlobalSection(SolutionProperties) = preSolution
		HideSolutionNode = FALSE
	EndGlobalSection
	GlobalSection(ExtensibilityGlobals) = postSolution
		SolutionGuid = {9B3F1E41-E9A6-4D92-8E01-6EBF7F31BE07}
	EndGlobalSection
EndGlobal
